{
  "name": "dstucert",
  "version": "1.0.1",
  "lockfileVersion": 1,
  "requires": true,
  "dependencies": {
    "asn1.js": {
      "version": "4.9.1",
      "resolved": "https://registry.npmjs.org/asn1.js/-/asn1.js-4.9.1.tgz",
      "integrity": "sha1-SLokC0WpKA6UdImQull9IWYX/UA=",
      "requires": {
        "bn.js": "4.11.8",
        "inherits": "2.0.3",
        "minimalistic-assert": "1.0.0"
      }
    },
    "base64-js": {
      "version": "1.2.1",
      "resolved": "https://registry.npmjs.org/base64-js/-/base64-js-1.2.1.tgz",
      "integrity": "sha512-dwVUVIXsBZXwTuwnXI9RK8sBmgq09NDHzyR9SAph9eqk76gKK2JSQmZARC2zRC81JC2QTtxD0ARU5qTS25gIGw=="
    },
    "bn.js": {
      "version": "4.11.8",
      "resolved": "https://registry.npmjs.org/bn.js/-/bn.js-4.11.8.tgz",
      "integrity": "sha512-ItfYfPLkWHUjckQCk8xC+LwxgK8NYcXywGigJgSwOP8Y2iyWT4f2vsZnoOXTTbo+o5yXmIUJ4gn5538SO5S3gA=="
    },
    "buffer": {
      "version": "5.0.7",
      "resolved": "https://registry.npmjs.org/buffer/-/buffer-5.0.7.tgz",
      "integrity": "sha512-NeeHXWh5pCbPQCt2/6rLvXqapZfVsqw/YgRgaHpT3H9Uzgs+S0lSg5SQzouIuDvcmlQRqBe8hOO2scKCu3cxrg==",
      "requires": {
        "base64-js": "1.2.1",
        "ieee754": "1.1.8"
      }
    },
    "ieee754": {
      "version": "1.1.8",
      "resolved": "https://registry.npmjs.org/ieee754/-/ieee754-1.1.8.tgz",
      "integrity": "sha1-vjPUCsEO8ZJnAfbwii2G+/0a0+Q="
    },
    "inherits": {
      "version": "2.0.3",
      "resolved": "https://registry.npmjs.org/inherits/-/inherits-2.0.3.tgz",
      "integrity": "sha1-Yzwsg+PaQqUC9SRmAiSA9CCCYd4="
    },
    "minimalistic-assert": {
      "version": "1.0.0",
      "resolved": "https://registry.npmjs.org/minimalistic-assert/-/minimalistic-assert-1.0.0.tgz",
      "integrity": "sha1-cCvi3aazf0g2vLP121ZkG2Sh09M="
    }
  }
}
